// !$*UTF8*$!
{
	archiveVersion = 1;
	classes = {
	};
	objectVersion = 55;
	objects = {

/* Begin PBXBuildFile section */
		914EDB3D2878CC5E001E0EA6 /* Item.swift in Sources */ = {isa = PBXBuildFile; fileRef = 914EDB3C2878CC5E001E0EA6 /* Item.swift */; };
		91B00CD328781CB300A168DC /* WeatherAPIApp.swift in Sources */ = {isa = PBXBuildFile; fileRef = 91B00CD228781CB300A168DC /* WeatherAPIApp.swift */; };
		91B00CD528781CB300A168DC /* ContentView.swift in Sources */ = {isa = PBXBuildFile; fileRef = 91B00CD428781CB300A168DC /* ContentView.swift */; };
		91B00CD728781CB400A168DC /* Assets.xcassets in Resources */ = {isa = PBXBuildFile; fileRef = 91B00CD628781CB400A168DC /* Assets.xcassets */; };
		91B00CDA28781CB400A168DC /* Preview Assets.xcassets in Resources */ = {isa = PBXBuildFile; fileRef = 91B00CD928781CB400A168DC /* Preview Assets.xcassets */; };
		91B00CE428781CB400A168DC /* WeatherAPITests.swift in Sources */ = {isa = PBXBuildFile; fileRef = 91B00CE328781CB400A168DC /* WeatherAPITests.swift */; };
		91B00D0228781F1500A168DC /* ApiUtils.swift in Sources */ = {isa = PBXBuildFile; fileRef = 91B00D0128781F1500A168DC /* ApiUtils.swift */; };
		91B00D0428781F6B00A168DC /* CurrentWeatherResponse.swift in Sources */ = {isa = PBXBuildFile; fileRef = 91B00D0328781F6B00A168DC /* CurrentWeatherResponse.swift */; };
		91B00D082878227700A168DC /* WeatherService.swift in Sources */ = {isa = PBXBuildFile; fileRef = 91B00D072878227700A168DC /* WeatherService.swift */; };
		91B00D0A2878239800A168DC /* NetworkError.swift in Sources */ = {isa = PBXBuildFile; fileRef = 91B00D092878239800A168DC /* NetworkError.swift */; };
		91B00D0E28782AC800A168DC /* WeatherModel.swift in Sources */ = {isa = PBXBuildFile; fileRef = 91B00D0D28782AC800A168DC /* WeatherModel.swift */; };
		91B00D1128782C5400A168DC /* ContentViewModel.swift in Sources */ = {isa = PBXBuildFile; fileRef = 91B00D1028782C5400A168DC /* ContentViewModel.swift */; };
/* End PBXBuildFile section */

/* Begin PBXContainerItemProxy section */
		91B00CE028781CB400A168DC /* PBXContainerItemProxy */ = {
			isa = PBXContainerItemProxy;
			containerPortal = 91B00CC728781CB300A168DC /* Project object */;
			proxyType = 1;
			remoteGlobalIDString = 91B00CCE28781CB300A168DC;
			remoteInfo = WeatherAPI;
		};
/* End PBXContainerItemProxy section */

/* Begin PBXFileReference section */
		914EDB3C2878CC5E001E0EA6 /* Item.swift */ = {isa = PBXFileReference; lastKnownFileType = sourcecode.swift; path = Item.swift; sourceTree = "<group>"; };
		91B00CCF28781CB300A168DC /* WeatherAPI.app */ = {isa = PBXFileReference; explicitFileType = wrapper.application; includeInIndex = 0; path = WeatherAPI.app; sourceTree = BUILT_PRODUCTS_DIR; };
		91B00CD228781CB300A168DC /* WeatherAPIApp.swift */ = {isa = PBXFileReference; lastKnownFileType = sourcecode.swift; path = WeatherAPIApp.swift; sourceTree = "<group>"; };
		91B00CD428781CB300A168DC /* ContentView.swift */ = {isa = PBXFileReference; lastKnownFileType = sourcecode.swift; path = ContentView.swift; sourceTree = "<group>"; };
		91B00CD628781CB400A168DC /* Assets.xcassets */ = {isa = PBXFileReference; lastKnownFileType = folder.assetcatalog; path = Assets.xcassets; sourceTree = "<group>"; };
		91B00CD928781CB400A168DC /* Preview Assets.xcassets */ = {isa = PBXFileReference; lastKnownFileType = folder.assetcatalog; path = "Preview Assets.xcassets"; sourceTree = "<group>"; };
		91B00CDF28781CB400A168DC /* WeatherAPITests.xctest */ = {isa = PBXFileReference; explicitFileType = wrapper.cfbundle; includeInIndex = 0; path = WeatherAPITests.xctest; sourceTree = BUILT_PRODUCTS_DIR; };
		91B00CE328781CB400A168DC /* WeatherAPITests.swift */ = {isa = PBXFileReference; lastKnownFileType = sourcecode.swift; path = WeatherAPITests.swift; sourceTree = "<group>"; };
		91B00D0128781F1500A168DC /* ApiUtils.swift */ = {isa = PBXFileReference; lastKnownFileType = sourcecode.swift; path = ApiUtils.swift; sourceTree = "<group>"; };
		91B00D0328781F6B00A168DC /* CurrentWeatherResponse.swift */ = {isa = PBXFileReference; lastKnownFileType = sourcecode.swift; path = CurrentWeatherResponse.swift; sourceTree = "<group>"; };
		91B00D072878227700A168DC /* WeatherService.swift */ = {isa = PBXFileReference; lastKnownFileType = sourcecode.swift; path = WeatherService.swift; sourceTree = "<group>"; };
		91B00D092878239800A168DC /* NetworkError.swift */ = {isa = PBXFileReference; lastKnownFileType = sourcecode.swift; path = NetworkError.swift; sourceTree = "<group>"; };
		91B00D0D28782AC800A168DC /* WeatherModel.swift */ = {isa = PBXFileReference; lastKnownFileType = sourcecode.swift; path = WeatherModel.swift; sourceTree = "<group>"; };
		91B00D1028782C5400A168DC /* ContentViewModel.swift */ = {isa = PBXFileReference; lastKnownFileType = sourcecode.swift; path = ContentViewModel.swift; sourceTree = "<group>"; };
/* End PBXFileReference section */

/* Begin PBXFrameworksBuildPhase section */
		91B00CCC28781CB300A168DC /* Frameworks */ = {
			isa = PBXFrameworksBuildPhase;
			buildActionMask = 2147483647;
			files = (
			);
			runOnlyForDeploymentPostprocessing = 0;
		};
		91B00CDC28781CB400A168DC /* Frameworks */ = {
			isa = PBXFrameworksBuildPhase;
			buildActionMask = 2147483647;
			files = (
			);
			runOnlyForDeploymentPostprocessing = 0;
		};
/* End PBXFrameworksBuildPhase section */

/* Begin PBXGroup section */
		91B00CC628781CB300A168DC = {
			isa = PBXGroup;
			children = (
				91B00CD128781CB300A168DC /* WeatherAPI */,
				91B00CE228781CB400A168DC /* WeatherAPITests */,
				91B00CD028781CB300A168DC /* Products */,
			);
			sourceTree = "<group>";
		};
		91B00CD028781CB300A168DC /* Products */ = {
			isa = PBXGroup;
			children = (
				91B00CCF28781CB300A168DC /* WeatherAPI.app */,
				91B00CDF28781CB400A168DC /* WeatherAPITests.xctest */,
			);
			name = Products;
			sourceTree = "<group>";
		};
		91B00CD128781CB300A168DC /* WeatherAPI */ = {
			isa = PBXGroup;
			children = (
				91B00CFF28781D0900A168DC /* Services */,
				91B00CFE28781D0000A168DC /* Model */,
				91B00D0F28782C3700A168DC /* ViewModel */,
				91B00CFC28781CDE00A168DC /* Views */,
				91B00CFD28781CE500A168DC /* Subviews */,
				91B00CD828781CB400A168DC /* Preview Content */,
				91B00D0028781D1400A168DC /* Helpers */,
			);
			path = WeatherAPI;
			sourceTree = "<group>";
		};
		91B00CD828781CB400A168DC /* Preview Content */ = {
			isa = PBXGroup;
			children = (
				91B00CD928781CB400A168DC /* Preview Assets.xcassets */,
			);
			path = "Preview Content";
			sourceTree = "<group>";
		};
		91B00CE228781CB400A168DC /* WeatherAPITests */ = {
			isa = PBXGroup;
			children = (
				91B00CE328781CB400A168DC /* WeatherAPITests.swift */,
			);
			path = WeatherAPITests;
			sourceTree = "<group>";
		};
		91B00CFC28781CDE00A168DC /* Views */ = {
			isa = PBXGroup;
			children = (
				91B00CD428781CB300A168DC /* ContentView.swift */,
			);
			path = Views;
			sourceTree = "<group>";
		};
		91B00CFD28781CE500A168DC /* Subviews */ = {
			isa = PBXGroup;
			children = (
			);
			path = Subviews;
			sourceTree = "<group>";
		};
		91B00CFE28781D0000A168DC /* Model */ = {
			isa = PBXGroup;
			children = (
				91B00D0D28782AC800A168DC /* WeatherModel.swift */,
				914EDB3C2878CC5E001E0EA6 /* Item.swift */,
			);
			path = Model;
			sourceTree = "<group>";
		};
		91B00CFF28781D0900A168DC /* Services */ = {
			isa = PBXGroup;
			children = (
				91B00D0328781F6B00A168DC /* CurrentWeatherResponse.swift */,
				91B00D072878227700A168DC /* WeatherService.swift */,
				91B00D092878239800A168DC /* NetworkError.swift */,
			);
			path = Services;
			sourceTree = "<group>";
		};
		91B00D0028781D1400A168DC /* Helpers */ = {
			isa = PBXGroup;
			children = (
				91B00CD228781CB300A168DC /* WeatherAPIApp.swift */,
				91B00CD628781CB400A168DC /* Assets.xcassets */,
				91B00D0128781F1500A168DC /* ApiUtils.swift */,
			);
			path = Helpers;
			sourceTree = "<group>";
		};
		91B00D0F28782C3700A168DC /* ViewModel */ = {
			isa = PBXGroup;
			children = (
				91B00D1028782C5400A168DC /* ContentViewModel.swift */,
			);
			path = ViewModel;
			sourceTree = "<group>";
		};
/* End PBXGroup section */

/* Begin PBXNativeTarget section */
		91B00CCE28781CB300A168DC /* WeatherAPI */ = {
			isa = PBXNativeTarget;
			buildConfigurationList = 91B00CF328781CB400A168DC /* Build configuration list for PBXNativeTarget "WeatherAPI" */;
			buildPhases = (
				91B00CCB28781CB300A168DC /* Sources */,
				91B00CCC28781CB300A168DC /* Frameworks */,
				91B00CCD28781CB300A168DC /* Resources */,
			);
			buildRules = (
			);
			dependencies = (
			);
			name = WeatherAPI;
			productName = WeatherAPI;
			productReference = 91B00CCF28781CB300A168DC /* WeatherAPI.app */;
			productType = "com.apple.product-type.application";
		};
		91B00CDE28781CB400A168DC /* WeatherAPITests */ = {
			isa = PBXNativeTarget;
			buildConfigurationList = 91B00CF628781CB400A168DC /* Build configuration list for PBXNativeTarget "WeatherAPITests" */;
			buildPhases = (
				91B00CDB28781CB400A168DC /* Sources */,
				91B00CDC28781CB400A168DC /* Frameworks */,
				91B00CDD28781CB400A168DC /* Resources */,
			);
			buildRules = (
			);
			dependencies = (
				91B00CE128781CB400A168DC /* PBXTargetDependency */,
			);
			name = WeatherAPITests;
			productName = WeatherAPITests;
			productReference = 91B00CDF28781CB400A168DC /* WeatherAPITests.xctest */;
			productType = "com.apple.product-type.bundle.unit-test";
		};
/* End PBXNativeTarget section */

/* Begin PBXProject section */
		91B00CC728781CB300A168DC /* Project object */ = {
			isa = PBXProject;
			attributes = {
				BuildIndependentTargetsInParallel = 1;
				LastSwiftUpdateCheck = 1330;
				LastUpgradeCheck = 1330;
				TargetAttributes = {
					91B00CCE28781CB300A168DC = {
						CreatedOnToolsVersion = 13.3;
					};
					91B00CDE28781CB400A168DC = {
						CreatedOnToolsVersion = 13.3;
						TestTargetID = 91B00CCE28781CB300A168DC;
					};
				};
			};
			buildConfigurationList = 91B00CCA28781CB300A168DC /* Build configuration list for PBXProject "WeatherAPI" */;
			compatibilityVersion = "Xcode 13.0";
			developmentRegion = en;
			hasScannedForEncodings = 0;
			knownRegions = (
				en,
				Base,
			);
			mainGroup = 91B00CC628781CB300A168DC;
			productRefGroup = 91B00CD028781CB300A168DC /* Products */;
			projectDirPath = "";
			projectRoot = "";
			targets = (
				91B00CCE28781CB300A168DC /* WeatherAPI */,
				91B00CDE28781CB400A168DC /* WeatherAPITests */,
			);
		};
/* End PBXProject section */

/* Begin PBXResourcesBuildPhase section */
		91B00CCD28781CB300A168DC /* Resources */ = {
			isa = PBXResourcesBuildPhase;
			buildActionMask = 2147483647;
			files = (
				91B00CDA28781CB400A168DC /* Preview Assets.xcassets in Resources */,
				91B00CD728781CB400A168DC /* Assets.xcassets in Resources */,
			);
			runOnlyForDeploymentPostprocessing = 0;
		};
		91B00CDD28781CB400A168DC /* Resources */ = {
			isa = PBXResourcesBuildPhase;
			buildActionMask = 2147483647;
			files = (
			);
			runOnlyForDeploymentPostprocessing = 0;
		};
/* End PBXResourcesBuildPhase section */

/* Begin PBXSourcesBuildPhase section */
		91B00CCB28781CB300A168DC /* Sources */ = {
			isa = PBXSourcesBuildPhase;
			buildActionMask = 2147483647;
			files = (
				91B00D1128782C5400A168DC /* ContentViewModel.swift in Sources */,
				914EDB3D2878CC5E001E0EA6 /* Item.swift in Sources */,
				91B00D082878227700A168DC /* WeatherService.swift in Sources */,
				91B00D0228781F1500A168DC /* ApiUtils.swift in Sources */,
				91B00CD528781CB300A168DC /* ContentView.swift in Sources */,
				91B00D0E28782AC800A168DC /* WeatherModel.swift in Sources */,
				91B00D0A2878239800A168DC /* NetworkError.swift in Sources */,
				91B00CD328781CB300A168DC /* WeatherAPIApp.swift in Sources */,
				91B00D0428781F6B00A168DC /* CurrentWeatherResponse.swift in Sources */,
			);
			runOnlyForDeploymentPostprocessing = 0;
		};
		91B00CDB28781CB400A168DC /* Sources */ = {
			isa = PBXSourcesBuildPhase;
			buildActionMask = 2147483647;
			files = (
				91B00CE428781CB400A168DC /* WeatherAPITests.swift in Sources */,
			);
			runOnlyForDeploymentPostprocessing = 0;
		};
/* End PBXSourcesBuildPhase section */

/* Begin PBXTargetDependency section */
		91B00CE128781CB400A168DC /* PBXTargetDependency */ = {
			isa = PBXTargetDependency;
			target = 91B00CCE28781CB300A168DC /* WeatherAPI */;
			targetProxy = 91B00CE028781CB400A168DC /* PBXContainerItemProxy */;
		};
/* End PBXTargetDependency section */

/* Begin XCBuildConfiguration section */
		91B00CF128781CB400A168DC /* Debug */ = {
			isa = XCBuildConfiguration;
			buildSettings = {
				ALWAYS_SEARCH_USER_PATHS = NO;
				CLANG_ANALYZER_NONNULL = YES;
				CLANG_ANALYZER_NUMBER_OBJECT_CONVERSION = YES_AGGRESSIVE;
				CLANG_CXX_LANGUAGE_STANDARD = "gnu++17";
				CLANG_ENABLE_MODULES = YES;
				CLANG_ENABLE_OBJC_ARC = YES;
				CLANG_ENABLE_OBJC_WEAK = YES;
				CLANG_WARN_BLOCK_CAPTURE_AUTORELEASING = YES;
				CLANG_WARN_BOOL_CONVERSION = YES;
				CLANG_WARN_COMMA = YES;
				CLANG_WARN_CONSTANT_CONVERSION = YES;
				CLANG_WARN_DEPRECATED_OBJC_IMPLEMENTATIONS = YES;
				CLANG_WARN_DIRECT_OBJC_ISA_USAGE = YES_ERROR;
				CLANG_WARN_DOCUMENTATION_COMMENTS = YES;
				CLANG_WARN_EMPTY_BODY = YES;
				CLANG_WARN_ENUM_CONVERSION = YES;
				CLANG_WARN_INFINITE_RECURSION = YES;
				CLANG_WARN_INT_CONVERSION = YES;
				CLANG_WARN_NON_LITERAL_NULL_CONVERSION = YES;
				CLANG_WARN_OBJC_IMPLICIT_RETAIN_SELF = YES;
				CLANG_WARN_OBJC_LITERAL_CONVERSION = YES;
				CLANG_WARN_OBJC_ROOT_CLASS = YES_ERROR;
				CLANG_WARN_QUOTED_INCLUDE_IN_FRAMEWORK_HEADER = YES;
				CLANG_WARN_RANGE_LOOP_ANALYSIS = YES;
				CLANG_WARN_STRICT_PROTOTYPES = YES;
				CLANG_WARN_SUSPICIOUS_MOVE = YES;
				CLANG_WARN_UNGUARDED_AVAILABILITY = YES_AGGRESSIVE;
				CLANG_WARN_UNREACHABLE_CODE = YES;
				CLANG_WARN__DUPLICATE_METHOD_MATCH = YES;
				COPY_PHASE_STRIP = NO;
				DEBUG_INFORMATION_FORMAT = dwarf;
				ENABLE_STRICT_OBJC_MSGSEND = YES;
				ENABLE_TESTABILITY = YES;
				GCC_C_LANGUAGE_STANDARD = gnu11;
				GCC_DYNAMIC_NO_PIC = NO;
				GCC_NO_COMMON_BLOCKS = YES;
				GCC_OPTIMIZATION_LEVEL = 0;
				GCC_PREPROCESSOR_DEFINITIONS = (
					"DEBUG=1",
					"$(inherited)",
				);
				GCC_WARN_64_TO_32_BIT_CONVERSION = YES;
				GCC_WARN_ABOUT_RETURN_TYPE = YES_ERROR;
				GCC_WARN_UNDECLARED_SELECTOR = YES;
				GCC_WARN_UNINITIALIZED_AUTOS = YES_AGGRESSIVE;
				GCC_WARN_UNUSED_FUNCTION = YES;
				GCC_WARN_UNUSED_VARIABLE = YES;
				IPHONEOS_DEPLOYMENT_TARGET = 15.4;
				MTL_ENABLE_DEBUG_INFO = INCLUDE_SOURCE;
				MTL_FAST_MATH = YES;
				ONLY_ACTIVE_ARCH = YES;
				SDKROOT = iphoneos;
				SWIFT_ACTIVE_COMPILATION_CONDITIONS = DEBUG;
				SWIFT_OPTIMIZATION_LEVEL = "-Onone";
			};
			name = Debug;
		};
		91B00CF228781CB400A168DC /* Release */ = {
			isa = XCBuildConfiguration;
			buildSettings = {
				ALWAYS_SEARCH_USER_PATHS = NO;
				CLANG_ANALYZER_NONNULL = YES;
				CLANG_ANALYZER_NUMBER_OBJECT_CONVERSION = YES_AGGRESSIVE;
				CLANG_CXX_LANGUAGE_STANDARD = "gnu++17";
				CLANG_ENABLE_MODULES = YES;
				CLANG_ENABLE_OBJC_ARC = YES;
				CLANG_ENABLE_OBJC_WEAK = YES;
				CLANG_WARN_BLOCK_CAPTURE_AUTORELEASING = YES;
				CLANG_WARN_BOOL_CONVERSION = YES;
				CLANG_WARN_COMMA = YES;
				CLANG_WARN_CONSTANT_CONVERSION = YES;
				CLANG_WARN_DEPRECATED_OBJC_IMPLEMENTATIONS = YES;
				CLANG_WARN_DIRECT_OBJC_ISA_USAGE = YES_ERROR;
				CLANG_WARN_DOCUMENTATION_COMMENTS = YES;
				CLANG_WARN_EMPTY_BODY = YES;
				CLANG_WARN_ENUM_CONVERSION = YES;
				CLANG_WARN_INFINITE_RECURSION = YES;
				CLANG_WARN_INT_CONVERSION = YES;
				CLANG_WARN_NON_LITERAL_NULL_CONVERSION = YES;
				CLANG_WARN_OBJC_IMPLICIT_RETAIN_SELF = YES;
				CLANG_WARN_OBJC_LITERAL_CONVERSION = YES;
				CLANG_WARN_OBJC_ROOT_CLASS = YES_ERROR;
				CLANG_WARN_QUOTED_INCLUDE_IN_FRAMEWORK_HEADER = YES;
				CLANG_WARN_RANGE_LOOP_ANALYSIS = YES;
				CLANG_WARN_STRICT_PROTOTYPES = YES;
				CLANG_WARN_SUSPICIOUS_MOVE = YES;
				CLANG_WARN_UNGUARDED_AVAILABILITY = YES_AGGRESSIVE;
				CLANG_WARN_UNREACHABLE_CODE = YES;
				CLANG_WARN__DUPLICATE_METHOD_MATCH = YES;
				COPY_PHASE_STRIP = NO;
				DEBUG_INFORMATION_FORMAT = "dwarf-with-dsym";
				ENABLE_NS_ASSERTIONS = NO;
				ENABLE_STRICT_OBJC_MSGSEND = YES;
				GCC_C_LANGUAGE_STANDARD = gnu11;
				GCC_NO_COMMON_BLOCKS = YES;
				GCC_WARN_64_TO_32_BIT_CONVERSION = YES;
				GCC_WARN_ABOUT_RETURN_TYPE = YES_ERROR;
				GCC_WARN_UNDECLARED_SELECTOR = YES;
				GCC_WARN_UNINITIALIZED_AUTOS = YES_AGGRESSIVE;
				GCC_WARN_UNUSED_FUNCTION = YES;
				GCC_WARN_UNUSED_VARIABLE = YES;
				IPHONEOS_DEPLOYMENT_TARGET = 15.4;
				MTL_ENABLE_DEBUG_INFO = NO;
				MTL_FAST_MATH = YES;
				SDKROOT = iphoneos;
				SWIFT_COMPILATION_MODE = wholemodule;
				SWIFT_OPTIMIZATION_LEVEL = "-O";
				VALIDATE_PRODUCT = YES;
			};
			name = Release;
		};
		91B00CF428781CB400A168DC /* Debug */ = {
			isa = XCBuildConfiguration;
			buildSettings = {
				ASSETCATALOG_COMPILER_APPICON_NAME = AppIcon;
				ASSETCATALOG_COMPILER_GLOBAL_ACCENT_COLOR_NAME = AccentColor;
				CODE_SIGN_STYLE = Automatic;
				CURRENT_PROJECT_VERSION = 1;
				DEVELOPMENT_ASSET_PATHS = "\"WeatherAPI/Preview Content\"";
				DEVELOPMENT_TEAM = FW54VJ38LC;
				ENABLE_PREVIEWS = YES;
				GENERATE_INFOPLIST_FILE = YES;
				INFOPLIST_KEY_UIApplicationSceneManifest_Generation = YES;
				INFOPLIST_KEY_UIApplicationSupportsIndirectInputEvents = YES;
				INFOPLIST_KEY_UILaunchScreen_Generation = YES;
				INFOPLIST_KEY_UISupportedInterfaceOrientations_iPad = "UIInterfaceOrientationPortrait UIInterfaceOrientationPortraitUpsideDown UIInterfaceOrientationLandscapeLeft UIInterfaceOrientationLandscapeRight";
				INFOPLIST_KEY_UISupportedInterfaceOrientations_iPhone = "UIInterfaceOrientationPortrait UIInterfaceOrientationLandscapeLeft UIInterfaceOrientationLandscapeRight";
				LD_RUNPATH_SEARCH_PATHS = (
					"$(inherited)",
					"@executable_path/Frameworks",
				);
				MARKETING_VERSION = 1.0;
				PRODUCT_BUNDLE_IDENTIFIER = com.mj.WeatherAPI;
				PRODUCT_NAME = "$(TARGET_NAME)";
				SWIFT_EMIT_LOC_STRINGS = YES;
				SWIFT_VERSION = 5.0;
				TARGETED_DEVICE_FAMILY = "1,2";
			};
			name = Debug;
		};
		91B00CF528781CB400A168DC /* Release */ = {
			isa = XCBuildConfiguration;
			buildSettings = {
				ASSETCATALOG_COMPILER_APPICON_NAME = AppIcon;
				ASSETCATALOG_COMPILER_GLOBAL_ACCENT_COLOR_NAME = AccentColor;
				CODE_SIGN_STYLE = Automatic;
				CURRENT_PROJECT_VERSION = 1;
				DEVELOPMENT_ASSET_PATHS = "\"WeatherAPI/Preview Content\"";
				DEVELOPMENT_TEAM = FW54VJ38LC;
				ENABLE_PREVIEWS = YES;
				GENERATE_INFOPLIST_FILE = YES;
				INFOPLIST_KEY_UIApplicationSceneManifest_Generation = YES;
				INFOPLIST_KEY_UIApplicationSupportsIndirectInputEvents = YES;
				INFOPLIST_KEY_UILaunchScreen_Generation = YES;
				INFOPLIST_KEY_UISupportedInterfaceOrientations_iPad = "UIInterfaceOrientationPortrait UIInterfaceOrientationPortraitUpsideDown UIInterfaceOrientationLandscapeLeft UIInterfaceOrientationLandscapeRight";
				INFOPLIST_KEY_UISupportedInterfaceOrientations_iPhone = "UIInterfaceOrientationPortrait UIInterfaceOrientationLandscapeLeft UIInterfaceOrientationLandscapeRight";
				LD_RUNPATH_SEARCH_PATHS = (
					"$(inherited)",
					"@executable_path/Frameworks",
				);
				MARKETING_VERSION = 1.0;
				PRODUCT_BUNDLE_IDENTIFIER = com.mj.WeatherAPI;
				PRODUCT_NAME = "$(TARGET_NAME)";
				SWIFT_EMIT_LOC_STRINGS = YES;
				SWIFT_VERSION = 5.0;
				TARGETED_DEVICE_FAMILY = "1,2";
			};
			name = Release;
		};
		91B00CF728781CB400A168DC /* Debug */ = {
			isa = XCBuildConfiguration;
			buildSettings = {
				ALWAYS_EMBED_SWIFT_STANDARD_LIBRARIES = YES;
				BUNDLE_LOADER = "$(TEST_HOST)";
				CODE_SIGN_STYLE = Automatic;
				CURRENT_PROJECT_VERSION = 1;
				DEVELOPMENT_TEAM = FW54VJ38LC;
				GENERATE_INFOPLIST_FILE = YES;
				IPHONEOS_DEPLOYMENT_TARGET = 15.4;
				MARKETING_VERSION = 1.0;
				PRODUCT_BUNDLE_IDENTIFIER = com.mj.WeatherAPITests;
				PRODUCT_NAME = "$(TARGET_NAME)";
				SWIFT_EMIT_LOC_STRINGS = NO;
				SWIFT_VERSION = 5.0;
				TARGETED_DEVICE_FAMILY = "1,2";
				TEST_HOST = "$(BUILT_PRODUCTS_DIR)/WeatherAPI.app/WeatherAPI";
			};
			name = Debug;
		};
		91B00CF828781CB400A168DC /* Release */ = {
			isa = XCBuildConfiguration;
			buildSettings = {
				ALWAYS_EMBED_SWIFT_STANDARD_LIBRARIES = YES;
				BUNDLE_LOADER = "$(TEST_HOST)";
				CODE_SIGN_STYLE = Automatic;
				CURRENT_PROJECT_VERSION = 1;
				DEVELOPMENT_TEAM = FW54VJ38LC;
				GENERATE_INFOPLIST_FILE = YES;
				IPHONEOS_DEPLOYMENT_TARGET = 15.4;
				MARKETING_VERSION = 1.0;
				PRODUCT_BUNDLE_IDENTIFIER = com.mj.WeatherAPITests;
				PRODUCT_NAME = "$(TARGET_NAME)";
				SWIFT_EMIT_LOC_STRINGS = NO;
				SWIFT_VERSION = 5.0;
				TARGETED_DEVICE_FAMILY = "1,2";
				TEST_HOST = "$(BUILT_PRODUCTS_DIR)/WeatherAPI.app/WeatherAPI";
			};
			name = Release;
		};
/* End XCBuildConfiguration section */

/* Begin XCConfigurationList section */
		91B00CCA28781CB300A168DC /* Build configuration list for PBXProject "WeatherAPI" */ = {
			isa = XCConfigurationList;
			buildConfigurations = (
				91B00CF128781CB400A168DC /* Debug */,
				91B00CF228781CB400A168DC /* Release */,
			);
			defaultConfigurationIsVisible = 0;
			defaultConfigurationName = Release;
		};
		91B00CF328781CB400A168DC /* Build configuration list for PBXNativeTarget "WeatherAPI" */ = {
			isa = XCConfigurationList;
			buildConfigurations = (
				91B00CF428781CB400A168DC /* Debug */,
				91B00CF528781CB400A168DC /* Release */,
			);
			defaultConfigurationIsVisible = 0;
			defaultConfigurationName = Release;
		};
		91B00CF628781CB400A168DC /* Build configuration list for PBXNativeTarget "WeatherAPITests" */ = {
			isa = XCConfigurationList;
			buildConfigurations = (
				91B00CF728781CB400A168DC /* Debug */,
				91B00CF828781CB400A168DC /* Release */,
			);
			defaultConfigurationIsVisible = 0;
			defaultConfigurationName = Release;
		};
/* End XCConfigurationList section */
	};
	rootObject = 91B00CC728781CB300A168DC /* Project object */;
}
